
Microsoft Visual Studio Solution File, Format Version 12.00
# Visual Studio Version 16
VisualStudioVersion = 16.0.29709.97
MinimumVisualStudioVersion = 10.0.40219.1
Project("{FAE04EC0-301F-11D3-BF4B-00C04F79EFBC}") = "Lab2_TRSPO", "Lab2_TRSPO\Lab2_TRSPO.csproj", "{02161663-A69E-4397-9DFB-B622835A4164}"
EndProject
Global
	GlobalSection(SolutionConfigurationPlatforms) = preSolution
		Debug|Any CPU = Debug|Any CPU
		Release|Any CPU = Release|Any CPU
	EndGlobalSection
	GlobalSection(ProjectConfigurationPlatforms) = postSolution
		{02161663-A69E-4397-9DFB-B622835A4164}.Debug|Any CPU.ActiveCfg = Debug|Any CPU
		{02161663-A69E-4397-9DFB-B622835A4164}.Debug|Any CPU.Build.0 = Debug|Any CPU
		{02161663-A69E-4397-9DFB-B622835A4164}.Release|Any CPU.ActiveCfg = Release|Any CPU
		{02161663-A69E-4397-9DFB-B622835A4164}.Release|Any CPU.Build.0 = Release|Any CPU
	EndGlobalSection
	GlobalSection(SolutionProperties) = preSolution
		HideSolutionNode = FALSE
	EndGlobalSection
	GlobalSection(ExtensibilityGlobals) = postSolution
		SolutionGuid = {08EBE5F2-04FA-4877-BA91-508F403B08D2}
	EndGlobalSection
EndGlobal
